
Microsoft Visual Studio Solution File, Format Version 12.00
# Visual Studio 14
VisualStudioVersion = 14.0.25420.1
MinimumVisualStudioVersion = 10.0.40219.1
Project("{FAE04EC0-301F-11D3-BF4B-00C04F79EFBC}") = "Samples", "Samples\Samples.csproj", "{0B45218A-73B4-4750-AD7E-7A6B955D4E32}"
EndProject
Project("{FAE04EC0-301F-11D3-BF4B-00C04F79EFBC}") = "PopupArcade", "PopupArcade\PopupArcade.csproj", "{C2087D0D-DBF1-4359-844E-0BC441215C6D}"
EndProject
Project("{FAE04EC0-301F-11D3-BF4B-00C04F79EFBC}") = "AttributeEditing", "AttributeEditing\AttributeEditing.csproj", "{DC9C6BB4-908B-4102-AFB3-41D306C1F9D2}"
EndProject
Global
	GlobalSection(SolutionConfigurationPlatforms) = preSolution
		Debug|Any CPU = Debug|Any CPU
		Release|Any CPU = Release|Any CPU
	EndGlobalSection
	GlobalSection(ProjectConfigurationPlatforms) = postSolution
		{0B45218A-73B4-4750-AD7E-7A6B955D4E32}.Debug|Any CPU.ActiveCfg = Debug|Any CPU
		{0B45218A-73B4-4750-AD7E-7A6B955D4E32}.Debug|Any CPU.Build.0 = Debug|Any CPU
		{0B45218A-73B4-4750-AD7E-7A6B955D4E32}.Release|Any CPU.ActiveCfg = Release|Any CPU
		{0B45218A-73B4-4750-AD7E-7A6B955D4E32}.Release|Any CPU.Build.0 = Release|Any CPU
		{C2087D0D-DBF1-4359-844E-0BC441215C6D}.Debug|Any CPU.ActiveCfg = Debug|Any CPU
		{C2087D0D-DBF1-4359-844E-0BC441215C6D}.Debug|Any CPU.Build.0 = Debug|Any CPU
		{C2087D0D-DBF1-4359-844E-0BC441215C6D}.Release|Any CPU.ActiveCfg = Release|Any CPU
		{C2087D0D-DBF1-4359-844E-0BC441215C6D}.Release|Any CPU.Build.0 = Release|Any CPU
		{DC9C6BB4-908B-4102-AFB3-41D306C1F9D2}.Debug|Any CPU.ActiveCfg = Debug|Any CPU
		{DC9C6BB4-908B-4102-AFB3-41D306C1F9D2}.Debug|Any CPU.Build.0 = Debug|Any CPU
		{DC9C6BB4-908B-4102-AFB3-41D306C1F9D2}.Release|Any CPU.ActiveCfg = Release|Any CPU
		{DC9C6BB4-908B-4102-AFB3-41D306C1F9D2}.Release|Any CPU.Build.0 = Release|Any CPU
	EndGlobalSection
	GlobalSection(SolutionProperties) = preSolution
		HideSolutionNode = FALSE
	EndGlobalSection
EndGlobal
